
Microsoft Visual Studio Solution File, Format Version 12.00
# Visual Studio Version 17
VisualStudioVersion = 17.5.33530.505
MinimumVisualStudioVersion = 10.0.40219.1
Project("{888888A0-9F3D-457C-B088-3A5042F75D52}") = "CV", "CV\CV.pyproj", "{E747B70F-5EA6-46D0-8709-13A2A89FA081}"
EndProject
Global
	GlobalSection(SolutionConfigurationPlatforms) = preSolution
		Debug|Any CPU = Debug|Any CPU
		Release|Any CPU = Release|Any CPU
	EndGlobalSection
	GlobalSection(ProjectConfigurationPlatforms) = postSolution
		{E747B70F-5EA6-46D0-8709-13A2A89FA081}.Debug|Any CPU.ActiveCfg = Debug|Any CPU
		{E747B70F-5EA6-46D0-8709-13A2A89FA081}.Release|Any CPU.ActiveCfg = Release|Any CPU
	EndGlobalSection
	GlobalSection(SolutionProperties) = preSolution
		HideSolutionNode = FALSE
	EndGlobalSection
	GlobalSection(ExtensibilityGlobals) = postSolution
		SolutionGuid = {59BBE520-E0AD-4E53-897D-E77961BF7008}
	EndGlobalSection
EndGlobal
